
Microsoft Visual Studio Solution File, Format Version 12.00
# Visual Studio Version 16
VisualStudioVersion = 16.0.31112.23
MinimumVisualStudioVersion = 10.0.40219.1
Project("{FAE04EC0-301F-11D3-BF4B-00C04F79EFBC}") = "WebApplication6", "WebApplication6\WebApplication6.csproj", "{5282A9AA-A85E-47E8-8E9F-B125EC164C2D}"
EndProject
Global
	GlobalSection(SolutionConfigurationPlatforms) = preSolution
		Debug|Any CPU = Debug|Any CPU
		Release|Any CPU = Release|Any CPU
	EndGlobalSection
	GlobalSection(ProjectConfigurationPlatforms) = postSolution
		{5282A9AA-A85E-47E8-8E9F-B125EC164C2D}.Debug|Any CPU.ActiveCfg = Debug|Any CPU
		{5282A9AA-A85E-47E8-8E9F-B125EC164C2D}.Debug|Any CPU.Build.0 = Debug|Any CPU
		{5282A9AA-A85E-47E8-8E9F-B125EC164C2D}.Release|Any CPU.ActiveCfg = Release|Any CPU
		{5282A9AA-A85E-47E8-8E9F-B125EC164C2D}.Release|Any CPU.Build.0 = Release|Any CPU
	EndGlobalSection
	GlobalSection(SolutionProperties) = preSolution
		HideSolutionNode = FALSE
	EndGlobalSection
	GlobalSection(ExtensibilityGlobals) = postSolution
		SolutionGuid = {2D64B022-60A0-44B9-B17F-2CF496DDB78D}
	EndGlobalSection
EndGlobal
